
Microsoft Visual Studio Solution File, Format Version 12.00
# Visual Studio Version 17
VisualStudioVersion = 17.10.35013.160
MinimumVisualStudioVersion = 10.0.40219.1
Project("{FAE04EC0-301F-11D3-BF4B-00C04F79EFBC}") = "gerenciamento-de-produto", "gerenciamento-de-produto.csproj", "{670326BC-92FC-46C0-A81E-2BC6F20D41D8}"
EndProject
Global
	GlobalSection(SolutionConfigurationPlatforms) = preSolution
		Debug|Any CPU = Debug|Any CPU
		Release|Any CPU = Release|Any CPU
	EndGlobalSection
	GlobalSection(ProjectConfigurationPlatforms) = postSolution
		{670326BC-92FC-46C0-A81E-2BC6F20D41D8}.Debug|Any CPU.ActiveCfg = Debug|Any CPU
		{670326BC-92FC-46C0-A81E-2BC6F20D41D8}.Debug|Any CPU.Build.0 = Debug|Any CPU
		{670326BC-92FC-46C0-A81E-2BC6F20D41D8}.Release|Any CPU.ActiveCfg = Release|Any CPU
		{670326BC-92FC-46C0-A81E-2BC6F20D41D8}.Release|Any CPU.Build.0 = Release|Any CPU
	EndGlobalSection
	GlobalSection(SolutionProperties) = preSolution
		HideSolutionNode = FALSE
	EndGlobalSection
	GlobalSection(ExtensibilityGlobals) = postSolution
		SolutionGuid = {108DDB14-5143-431A-9403-8E1067A8D156}
	EndGlobalSection
EndGlobal
